
Microsoft Visual Studio Solution File, Format Version 12.00
# Visual Studio Version 17
VisualStudioVersion = 17.3.32819.101
MinimumVisualStudioVersion = 10.0.40219.1
Project("{FAE04EC0-301F-11D3-BF4B-00C04F79EFBC}") = "mikro", "mikro\mikro.csproj", "{212E46D4-14F8-4B9B-9B6B-7564C2280981}"
EndProject
Global
	GlobalSection(SolutionConfigurationPlatforms) = preSolution
		Debug|Any CPU = Debug|Any CPU
		Release|Any CPU = Release|Any CPU
	EndGlobalSection
	GlobalSection(ProjectConfigurationPlatforms) = postSolution
		{212E46D4-14F8-4B9B-9B6B-7564C2280981}.Debug|Any CPU.ActiveCfg = Debug|Any CPU
		{212E46D4-14F8-4B9B-9B6B-7564C2280981}.Debug|Any CPU.Build.0 = Debug|Any CPU
		{212E46D4-14F8-4B9B-9B6B-7564C2280981}.Release|Any CPU.ActiveCfg = Release|Any CPU
		{212E46D4-14F8-4B9B-9B6B-7564C2280981}.Release|Any CPU.Build.0 = Release|Any CPU
	EndGlobalSection
	GlobalSection(SolutionProperties) = preSolution
		HideSolutionNode = FALSE
	EndGlobalSection
	GlobalSection(ExtensibilityGlobals) = postSolution
		SolutionGuid = {D3E52BD5-E29A-481A-8C56-800141D1C941}
	EndGlobalSection
EndGlobal
